
Microsoft Visual Studio Solution File, Format Version 12.00
# Visual Studio Version 16
VisualStudioVersion = 16.0.31613.86
MinimumVisualStudioVersion = 10.0.40219.1
Project("{2150E333-8FDC-42A3-9474-1A3956D46DE8}") = "Services", "Services", "{62E11A7B-F01C-4760-B9CF-1A76765E3788}"
EndProject
Project("{2150E333-8FDC-42A3-9474-1A3956D46DE8}") = "Catalog", "Catalog", "{079519EC-BAC7-47F8-992F-97E57147F359}"
EndProject
Project("{9A19103F-16F7-4668-BE54-9A1E7A4F7556}") = "Catalog.API", "Services\Catalog\Catalog.API\Catalog.API.csproj", "{EFABF826-2766-43F6-A426-0E0F4D376376}"
EndProject
Project("{E53339B2-1760-4266-BCC7-CA923CBCF16C}") = "docker-compose", "docker-compose.dcproj", "{CA972DDC-4D16-4000-91C8-1F255C0890C2}"
EndProject
Project("{2150E333-8FDC-42A3-9474-1A3956D46DE8}") = "Basket", "Basket", "{BB9EDEAA-26C8-46CE-A2A4-BDC0D5A9DA61}"
EndProject
Project("{9A19103F-16F7-4668-BE54-9A1E7A4F7556}") = "Basket.API", "Services\Basket\Basket.API\Basket.API.csproj", "{138B7C7E-D05C-4934-8969-8CE38AAD31E6}"
EndProject
Project("{2150E333-8FDC-42A3-9474-1A3956D46DE8}") = "Discount", "Discount", "{FB9F8E28-3435-4D2A-88E6-783B940DB56F}"
EndProject
Project("{9A19103F-16F7-4668-BE54-9A1E7A4F7556}") = "Discount.API", "Services\Discount\Discount.API\Discount.API.csproj", "{29F85755-C52A-4C23-B9D3-BC21BBA8DED0}"
EndProject
Project("{9A19103F-16F7-4668-BE54-9A1E7A4F7556}") = "Discount.Grpc", "Services\Discount\Discount.Grpc\Discount.Grpc.csproj", "{A7CA8358-F0A0-4BA4-B898-7A14D8DD1C22}"
EndProject
Project("{2150E333-8FDC-42A3-9474-1A3956D46DE8}") = "Ordering", "Ordering", "{AD96AA21-6DB8-4BC2-9218-A771853D3F9B}"
EndProject
Project("{9A19103F-16F7-4668-BE54-9A1E7A4F7556}") = "Ordering.API", "Services\Ordering\Ordering.API\Ordering.API.csproj", "{E0DCC837-45EC-4A1F-ADE1-EBD8C5334B18}"
EndProject
Project("{9A19103F-16F7-4668-BE54-9A1E7A4F7556}") = "Ordering.Domain", "Services\Ordering\Ordering.Domain\Ordering.Domain.csproj", "{6283AB86-9058-4F57-999E-DAE9A3509EB2}"
EndProject
Project("{9A19103F-16F7-4668-BE54-9A1E7A4F7556}") = "Ordering.Application", "Services\Ordering\Ordering.Application\Ordering.Application.csproj", "{697B803F-D040-4D83-9149-DA9C60A7FFED}"
EndProject
Project("{9A19103F-16F7-4668-BE54-9A1E7A4F7556}") = "Ordering.Infrastructure", "Services\Ordering\Ordering.Infrastructure\Ordering.Infrastructure.csproj", "{0C59EBB0-64B7-4303-854E-A3C89BD35D82}"
EndProject
Project("{2150E333-8FDC-42A3-9474-1A3956D46DE8}") = "BuildingBlocks", "BuildingBlocks", "{DAD2EF34-DD86-45B4-801F-EE5009FB6888}"
EndProject
Project("{FAE04EC0-301F-11D3-BF4B-00C04F79EFBC}") = "EventBus.Messages", "BuildingBlocks\EventBus.Messages\EventBus.Messages.csproj", "{76B66B26-D6B9-44A8-B5C0-833D9E087C74}"
EndProject
Global
	GlobalSection(SolutionConfigurationPlatforms) = preSolution
		Debug|Any CPU = Debug|Any CPU
		Release|Any CPU = Release|Any CPU
	EndGlobalSection
	GlobalSection(ProjectConfigurationPlatforms) = postSolution
		{EFABF826-2766-43F6-A426-0E0F4D376376}.Debug|Any CPU.ActiveCfg = Debug|Any CPU
		{EFABF826-2766-43F6-A426-0E0F4D376376}.Debug|Any CPU.Build.0 = Debug|Any CPU
		{EFABF826-2766-43F6-A426-0E0F4D376376}.Release|Any CPU.ActiveCfg = Release|Any CPU
		{EFABF826-2766-43F6-A426-0E0F4D376376}.Release|Any CPU.Build.0 = Release|Any CPU
		{CA972DDC-4D16-4000-91C8-1F255C0890C2}.Debug|Any CPU.ActiveCfg = Debug|Any CPU
		{CA972DDC-4D16-4000-91C8-1F255C0890C2}.Debug|Any CPU.Build.0 = Debug|Any CPU
		{CA972DDC-4D16-4000-91C8-1F255C0890C2}.Release|Any CPU.ActiveCfg = Release|Any CPU
		{CA972DDC-4D16-4000-91C8-1F255C0890C2}.Release|Any CPU.Build.0 = Release|Any CPU
		{138B7C7E-D05C-4934-8969-8CE38AAD31E6}.Debug|Any CPU.ActiveCfg = Debug|Any CPU
		{138B7C7E-D05C-4934-8969-8CE38AAD31E6}.Debug|Any CPU.Build.0 = Debug|Any CPU
		{138B7C7E-D05C-4934-8969-8CE38AAD31E6}.Release|Any CPU.ActiveCfg = Release|Any CPU
		{138B7C7E-D05C-4934-8969-8CE38AAD31E6}.Release|Any CPU.Build.0 = Release|Any CPU
		{29F85755-C52A-4C23-B9D3-BC21BBA8DED0}.Debug|Any CPU.ActiveCfg = Debug|Any CPU
		{29F85755-C52A-4C23-B9D3-BC21BBA8DED0}.Debug|Any CPU.Build.0 = Debug|Any CPU
		{29F85755-C52A-4C23-B9D3-BC21BBA8DED0}.Release|Any CPU.ActiveCfg = Release|Any CPU
		{29F85755-C52A-4C23-B9D3-BC21BBA8DED0}.Release|Any CPU.Build.0 = Release|Any CPU
		{A7CA8358-F0A0-4BA4-B898-7A14D8DD1C22}.Debug|Any CPU.ActiveCfg = Debug|Any CPU
		{A7CA8358-F0A0-4BA4-B898-7A14D8DD1C22}.Debug|Any CPU.Build.0 = Debug|Any CPU
		{A7CA8358-F0A0-4BA4-B898-7A14D8DD1C22}.Release|Any CPU.ActiveCfg = Release|Any CPU
		{A7CA8358-F0A0-4BA4-B898-7A14D8DD1C22}.Release|Any CPU.Build.0 = Release|Any CPU
		{E0DCC837-45EC-4A1F-ADE1-EBD8C5334B18}.Debug|Any CPU.ActiveCfg = Debug|Any CPU
		{E0DCC837-45EC-4A1F-ADE1-EBD8C5334B18}.Debug|Any CPU.Build.0 = Debug|Any CPU
		{E0DCC837-45EC-4A1F-ADE1-EBD8C5334B18}.Release|Any CPU.ActiveCfg = Release|Any CPU
		{E0DCC837-45EC-4A1F-ADE1-EBD8C5334B18}.Release|Any CPU.Build.0 = Release|Any CPU
		{6283AB86-9058-4F57-999E-DAE9A3509EB2}.Debug|Any CPU.ActiveCfg = Debug|Any CPU
		{6283AB86-9058-4F57-999E-DAE9A3509EB2}.Debug|Any CPU.Build.0 = Debug|Any CPU
		{6283AB86-9058-4F57-999E-DAE9A3509EB2}.Release|Any CPU.ActiveCfg = Release|Any CPU
		{6283AB86-9058-4F57-999E-DAE9A3509EB2}.Release|Any CPU.Build.0 = Release|Any CPU
		{697B803F-D040-4D83-9149-DA9C60A7FFED}.Debug|Any CPU.ActiveCfg = Debug|Any CPU
		{697B803F-D040-4D83-9149-DA9C60A7FFED}.Debug|Any CPU.Build.0 = Debug|Any CPU
		{697B803F-D040-4D83-9149-DA9C60A7FFED}.Release|Any CPU.ActiveCfg = Release|Any CPU
		{697B803F-D040-4D83-9149-DA9C60A7FFED}.Release|Any CPU.Build.0 = Release|Any CPU
		{0C59EBB0-64B7-4303-854E-A3C89BD35D82}.Debug|Any CPU.ActiveCfg = Debug|Any CPU
		{0C59EBB0-64B7-4303-854E-A3C89BD35D82}.Debug|Any CPU.Build.0 = Debug|Any CPU
		{0C59EBB0-64B7-4303-854E-A3C89BD35D82}.Release|Any CPU.ActiveCfg = Release|Any CPU
		{0C59EBB0-64B7-4303-854E-A3C89BD35D82}.Release|Any CPU.Build.0 = Release|Any CPU
		{76B66B26-D6B9-44A8-B5C0-833D9E087C74}.Debug|Any CPU.ActiveCfg = Debug|Any CPU
		{76B66B26-D6B9-44A8-B5C0-833D9E087C74}.Debug|Any CPU.Build.0 = Debug|Any CPU
		{76B66B26-D6B9-44A8-B5C0-833D9E087C74}.Release|Any CPU.ActiveCfg = Release|Any CPU
		{76B66B26-D6B9-44A8-B5C0-833D9E087C74}.Release|Any CPU.Build.0 = Release|Any CPU
	EndGlobalSection
	GlobalSection(SolutionProperties) = preSolution
		HideSolutionNode = FALSE
	EndGlobalSection
	GlobalSection(NestedProjects) = preSolution
		{079519EC-BAC7-47F8-992F-97E57147F359} = {62E11A7B-F01C-4760-B9CF-1A76765E3788}
		{EFABF826-2766-43F6-A426-0E0F4D376376} = {079519EC-BAC7-47F8-992F-97E57147F359}
		{BB9EDEAA-26C8-46CE-A2A4-BDC0D5A9DA61} = {62E11A7B-F01C-4760-B9CF-1A76765E3788}
		{138B7C7E-D05C-4934-8969-8CE38AAD31E6} = {BB9EDEAA-26C8-46CE-A2A4-BDC0D5A9DA61}
		{FB9F8E28-3435-4D2A-88E6-783B940DB56F} = {62E11A7B-F01C-4760-B9CF-1A76765E3788}
		{29F85755-C52A-4C23-B9D3-BC21BBA8DED0} = {FB9F8E28-3435-4D2A-88E6-783B940DB56F}
		{A7CA8358-F0A0-4BA4-B898-7A14D8DD1C22} = {FB9F8E28-3435-4D2A-88E6-783B940DB56F}
		{AD96AA21-6DB8-4BC2-9218-A771853D3F9B} = {62E11A7B-F01C-4760-B9CF-1A76765E3788}
		{E0DCC837-45EC-4A1F-ADE1-EBD8C5334B18} = {AD96AA21-6DB8-4BC2-9218-A771853D3F9B}
		{6283AB86-9058-4F57-999E-DAE9A3509EB2} = {AD96AA21-6DB8-4BC2-9218-A771853D3F9B}
		{697B803F-D040-4D83-9149-DA9C60A7FFED} = {AD96AA21-6DB8-4BC2-9218-A771853D3F9B}
		{0C59EBB0-64B7-4303-854E-A3C89BD35D82} = {AD96AA21-6DB8-4BC2-9218-A771853D3F9B}
		{76B66B26-D6B9-44A8-B5C0-833D9E087C74} = {DAD2EF34-DD86-45B4-801F-EE5009FB6888}
	EndGlobalSection
	GlobalSection(ExtensibilityGlobals) = postSolution
		SolutionGuid = {9DB84481-4518-4ADE-96AC-AF24B40F550F}
	EndGlobalSection
EndGlobal
